{
    "version": 3,
    "terraform_version": "0.10.7",
    "serial": 11,
    "lineage": "b6c869cb-9916-4f44-b695-eb67d7a4024c",
    "modules": [
        {
            "path": [
                "root"
            ],
            "outputs": {},
            "resources": {
                "data.softlayer_ssh_key.public_key": {
                    "type": "softlayer_ssh_key",
                    "depends_on": [],
                    "primary": {
                        "id": "992703",
                        "attributes": {
                            "fingerprint": "8d:6a:29:11:21:e3:7b:39:5a:26:49:a7:90:95:80:5d",
                            "id": "992703",
                            "label": "patro-key",
                            "most_recent": "false",
                            "notes": "Eduardo Public key",
                            "public_key": "ssh-rsa AAAAB3NzaC1yc2EAAAADAQABAAABAQDUZQmYg+pJfCjrXvlBIdwK4p7j9bEhrNqTyvF0HqrB2qQqeEo9emVQXZYb7/IRQW0Di2jME+9/e4Oak+uMw4K9yTl+TWBVTuHsOSY2g/TOo2Y5PEt+TWaXEZ7ruHgJ8fV3aRGDIpn8Xa91whFNq0/vrFhYqI4pGJ5AGi9/eDrYKBJAPrLNt/wrpGwxGFnmIjGBsH2edtTyEUb56M2Y27RnGSRNZaiZGZeJz1G2sy0mqBvC0yfgIt+P6ZIr0DFHIN8ZIxj9RxAg6HAjqmckloQSjXYyWXqP+cTrDfcQIDSRwPnLRb7ZcC7Kn3fcFsXVUKBlZnf0ZNP13rpTAs0vvfWh edu@Eduardos-MacBook-Pro.local"
                        },
                        "meta": {},
                        "tainted": false
                    },
                    "deposed": [],
                    "provider": ""
                },
                "softlayer_virtual_guest.wps": {
                    "type": "softlayer_virtual_guest",
                    "depends_on": [
                        "data.softlayer_ssh_key.public_key"
                    ],
                    "primary": {
                        "id": "42425055",
                        "attributes": {
                            "cores": "2",
                            "datacenter": "wdc04",
                            "dedicated_acct_host_only": "false",
                            "disks.#": "1",
                            "disks.0": "100",
                            "domain": "wps.patro",
                            "hostname": "wps",
                            "hourly_billing": "true",
                            "id": "42425055",
                            "image_id": "1770459",
                            "ip_address_id": "59234423",
                            "ip_address_id_private": "59234523",
                            "ipv4_address": "169.55.86.202",
                            "ipv4_address_private": "10.148.77.44",
                            "ipv6_enabled": "false",
                            "local_disk": "false",
                            "memory": "8192",
                            "network_speed": "1000",
                            "notes": "",
                            "private_network_only": "false",
                            "private_subnet": "10.148.77.32/28",
                            "private_vlan_id": "1326665",
                            "public_subnet": "169.55.86.192/28",
                            "public_vlan_id": "1326661",
                            "secondary_ip_addresses.#": "0",
                            "ssh_key_ids.#": "1",
                            "ssh_key_ids.0": "992703",
                            "user_metadata": "{\"value\":\"newvalue\"}",
                            "wait_time_minutes": "90"
                        },
                        "meta": {},
                        "tainted": false
                    },
                    "deposed": [],
                    "provider": ""
                }
            },
            "depends_on": []
        },
        {
            "path": [
                "root",
                "wps-provision"
            ],
            "outputs": {},
            "resources": {
                "null_resource.wps": {
                    "type": "null_resource",
                    "depends_on": [],
                    "primary": {
                        "id": "6020815060779009952",
                        "attributes": {
                            "id": "6020815060779009952"
                        },
                        "meta": {},
                        "tainted": false
                    },
                    "deposed": [],
                    "provider": ""
                }
            },
            "depends_on": []
        }
    ]
}
